schema: '2.0'
stages:
  preprocess:
    cmd: python src/preprocessing.py
    deps:
    - path: data/raw/news.json
      hash: md5
      md5: 0506a521d230d959b4ff33ead1c2d703
      size: 98712
    - path: data/raw/stock.csv
      hash: md5
      md5: 5291b8f7000811241be5d77ab401e435
      size: 975
    - path: src/preprocessing.py
      hash: md5
      md5: 48252fd4f1980c9f14656ace7a78214f
      size: 2960
    outs:
    - path: data/plots/NSEI_plot.png
      hash: md5
      md5: bf4e0abe11335379ad59b36bfbff6210
      size: 53835
    - path: data/processed/NSEI_processed.csv
      hash: md5
      md5: a06425713527167e80607858163bf3d5
      size: 1512
  ingest_data:
    cmd: python src/ingestion.py
    deps:
    - path: src/ingestion.py
      hash: md5
      md5: 461c274a5ece14705ed9815e66ed0d60
      size: 4118
    outs:
    - path: data/raw/ingestion_summary.json
      hash: md5
      md5: 5f8862630fc38328dcebe81893036278
      size: 163
    - path: data/raw/news.json
      hash: md5
      md5: f1ada6bb2b9efec34de0cce048a9b8cf
      size: 101851
    - path: data/raw/stock.csv
      hash: md5
      md5: dec6db579f9571a46ef2e38df292694f
      size: 747
