schema: '2.0'
stages:
  preprocess:
    cmd: python src/preprocessing.py
    deps:
    - path: data/raw/news.json
      hash: md5
      md5: 0506a521d230d959b4ff33ead1c2d703
      size: 98712
    - path: data/raw/stock.csv
      hash: md5
      md5: 5291b8f7000811241be5d77ab401e435
      size: 975
    - path: src/preprocessing.py
      hash: md5
      md5: 48252fd4f1980c9f14656ace7a78214f
      size: 2960
    outs:
    - path: data/plots/NSEI_plot.png
      hash: md5
      md5: bf4e0abe11335379ad59b36bfbff6210
      size: 53835
    - path: data/processed/NSEI_processed.csv
      hash: md5
      md5: a06425713527167e80607858163bf3d5
      size: 1512
